lockfileVersion: '9.0'

settings:
  autoInstallPeers: true
  excludeLinksFromLockfile: false

importers:

  .:
    dependencies:
      '@tanstack/react-db':
        specifier: ^0.1.9
        version: 0.1.9(react@19.1.1)(typescript@5.9.2)
      effect:
        specifier: ^3.17.9
        version: 3.17.9
    devDependencies:
      prettier:
        specifier: ^3.6.2
        version: 3.6.2

packages:

  '@standard-schema/spec@1.0.0':
    resolution: {integrity: sha512-m2bOd0f2RT9k8QJx1JN85cZYyH1RqFBdlwtkSlf4tBDYLCiiZnv1fIIwacK6cqwXavOydf0NPToMQgpKq+dVlA==}

  '@tanstack/db-ivm@0.1.2':
    resolution: {integrity: sha512-byXz+tsaVT2Wi/9F6dbZIiTG/L/Kq6tAN+lpQsp5g6URk2Tw/tZ9zB3503UkZpTyHLdKDk23+qiPKiHZCb5efw==}
    peerDependencies:
      typescript: '>=4.7'

  '@tanstack/db@0.1.9':
    resolution: {integrity: sha512-aJiEDjmB7ui28Tj7JTmiWNcH/GpLGsyeVY/3KB/gfqPiOAWGYn/QPBr/GTp3hu8wixalKWmNeipdbf9MgOogWA==}
    peerDependencies:
      typescript: '>=4.7'

  '@tanstack/react-db@0.1.9':
    resolution: {integrity: sha512-TIFQjoeiv92zyC9xHegtJqzm299Hoe09Yo4qvjhRmcIHTwZpp9JlU3fvnWNvdWg1wSLPAkGVuo37ZSBar3EKcQ==}
    peerDependencies:
      react: '>=16.8.0'

  effect@3.17.9:
    resolution: {integrity: sha512-Nkkn9n1zhy30Dq0MpQatDCH7nfYnOIiebkOHNxmmvoVnEDKCto+2ZwDDWFGzcN/ojwfqjRXWGC9Lo91K5kwZCg==}

  fast-check@3.23.2:
    resolution: {integrity: sha512-h5+1OzzfCC3Ef7VbtKdcv7zsstUQwUDlYpUTvjeUsJAssPgLn7QzbboPtL5ro04Mq0rPOsMzl7q5hIbRs2wD1A==}
    engines: {node: '>=8.0.0'}

  fractional-indexing@3.2.0:
    resolution: {integrity: sha512-PcOxmqwYCW7O2ovKRU8OoQQj2yqTfEB/yeTYk4gPid6dN5ODRfU1hXd9tTVZzax/0NkO7AxpHykvZnT1aYp/BQ==}
    engines: {node: ^14.13.1 || >=16.0.0}

  murmurhash-js@1.0.0:
    resolution: {integrity: sha512-TvmkNhkv8yct0SVBSy+o8wYzXjE4Zz3PCesbfs8HiCXXdcTuocApFv11UWlNFWKYsP2okqrhb7JNlSm9InBhIw==}

  prettier@3.6.2:
    resolution: {integrity: sha512-I7AIg5boAr5R0FFtJ6rCfD+LFsWHp81dolrFD8S79U9tb8Az2nGrJncnMSnys+bpQJfRUzqs9hnA81OAA3hCuQ==}
    engines: {node: '>=14'}
    hasBin: true

  pure-rand@6.1.0:
    resolution: {integrity: sha512-bVWawvoZoBYpp6yIoQtQXHZjmz35RSVHnUOTefl8Vcjr8snTPY1wnpSPMWekcFwbxI6gtmT7rSYPFvz71ldiOA==}

  react@19.1.1:
    resolution: {integrity: sha512-w8nqGImo45dmMIfljjMwOGtbmC/mk4CMYhWIicdSflH91J9TyCyczcPFXJzrZ/ZXcgGRFeP6BU0BEJTw6tZdfQ==}
    engines: {node: '>=0.10.0'}

  sorted-btree@1.8.1:
    resolution: {integrity: sha512-395+XIP+wqNn3USkFSrNz7G3Ss/MXlZEqesxvzCRFwL14h6e8LukDHdLBePn5pwbm5OQ9vGu8mDyz2lLDIqamQ==}

  typescript@5.9.2:
    resolution: {integrity: sha512-CWBzXQrc/qOkhidw1OzBTQuYRbfyxDXJMVJ1XNwUHGROVmuaeiEm3OslpZ1RV96d7SKKjZKrSJu3+t/xlw3R9A==}
    engines: {node: '>=14.17'}
    hasBin: true

  use-sync-external-store@1.5.0:
    resolution: {integrity: sha512-Rb46I4cGGVBmjamjphe8L/UnvJD+uPPtTkNvX5mZgqdbavhI4EbgIWJiIHXJ8bc/i9EQGPRh4DwEURJ552Do0A==}
    peerDependencies:
      react: ^16.8.0 || ^17.0.0 || ^18.0.0 || ^19.0.0

snapshots:

  '@standard-schema/spec@1.0.0': {}

  '@tanstack/db-ivm@0.1.2(typescript@5.9.2)':
    dependencies:
      fractional-indexing: 3.2.0
      murmurhash-js: 1.0.0
      sorted-btree: 1.8.1
      typescript: 5.9.2

  '@tanstack/db@0.1.9(typescript@5.9.2)':
    dependencies:
      '@standard-schema/spec': 1.0.0
      '@tanstack/db-ivm': 0.1.2(typescript@5.9.2)
      typescript: 5.9.2

  '@tanstack/react-db@0.1.9(react@19.1.1)(typescript@5.9.2)':
    dependencies:
      '@tanstack/db': 0.1.9(typescript@5.9.2)
      react: 19.1.1
      use-sync-external-store: 1.5.0(react@19.1.1)
    transitivePeerDependencies:
      - typescript

  effect@3.17.9:
    dependencies:
      '@standard-schema/spec': 1.0.0
      fast-check: 3.23.2

  fast-check@3.23.2:
    dependencies:
      pure-rand: 6.1.0

  fractional-indexing@3.2.0: {}

  murmurhash-js@1.0.0: {}

  prettier@3.6.2: {}

  pure-rand@6.1.0: {}

  react@19.1.1: {}

  sorted-btree@1.8.1: {}

  typescript@5.9.2: {}

  use-sync-external-store@1.5.0(react@19.1.1):
    dependencies:
      react: 19.1.1
